
Microsoft Visual Studio Solution File, Format Version 12.00
# Visual Studio 15
VisualStudioVersion = 15.0.28010.2041
MinimumVisualStudioVersion = 10.0.40219.1
Project("{FAE04EC0-301F-11D3-BF4B-00C04F79EFBC}") = "Warriors", "Warriors\Warriors.csproj", "{2DF63708-4869-4587-9AC9-F2CCF82EDFBA}"
EndProject
Global
	GlobalSection(SolutionConfigurationPlatforms) = preSolution
		Debug|Any CPU = Debug|Any CPU
		Release|Any CPU = Release|Any CPU
	EndGlobalSection
	GlobalSection(ProjectConfigurationPlatforms) = postSolution
		{2DF63708-4869-4587-9AC9-F2CCF82EDFBA}.Debug|Any CPU.ActiveCfg = Debug|Any CPU
		{2DF63708-4869-4587-9AC9-F2CCF82EDFBA}.Debug|Any CPU.Build.0 = Debug|Any CPU
		{2DF63708-4869-4587-9AC9-F2CCF82EDFBA}.Release|Any CPU.ActiveCfg = Release|Any CPU
		{2DF63708-4869-4587-9AC9-F2CCF82EDFBA}.Release|Any CPU.Build.0 = Release|Any CPU
	EndGlobalSection
	GlobalSection(SolutionProperties) = preSolution
		HideSolutionNode = FALSE
	EndGlobalSection
	GlobalSection(ExtensibilityGlobals) = postSolution
		SolutionGuid = {0BF3D39D-F90E-435F-90FF-28ED78AAA853}
	EndGlobalSection
EndGlobal
